<?xml version="1.0" encoding="utf-8"?>
<Project ToolsVersion="4.0" xmlns="http://schemas.microsoft.com/developer/msbuild/2003">
  <ItemGroup>
    <None Include="..\.gitignore" />
    <None Include="..\shaders\default.frag">
      <Filter>shaders</Filter>
    </None>
    <None Include="..\shaders\default.vert">
      <Filter>shaders</Filter>
    </None>
    <None Include="..\shaders\noise.frag">
      <Filter>shaders</Filter>
    </None>
    <None Include="..\shaders\noise.vert">
      <Filter>shaders</Filter>
    </None>
    <None Include="..\res\Barrel.blend">
      <Filter>res</Filter>
    </None>
    <None Include="..\res\room.mtl">
      <Filter>res</Filter>
    </None>
    <None Include="..\res\Barrel.Height.png">
      <Filter>res</Filter>
    </None>
    <None Include="..\res\Barrel.Normal.png">
      <Filter>res</Filter>
    </None>
    <None Include="..\res\barrel.obj">
      <Filter>res</Filter>
    </None>
    <None Include="..\res\Barrel.png">
      <Filter>res</Filter>
    </None>
    <None Include="..\res\Box.000.png">
      <Filter>res</Filter>
    </None>
    <None Include="..\res\Box.Height.png">
      <Filter>res</Filter>
    </None>
    <None Include="..\res\Box.Normal.png">
      <Filter>res</Filter>
    </None>
    <None Include="..\res\cube.obj">
      <Filter>res</Filter>
    </None>
    <None Include="..\res\monkey3.obj">
      <Filter>res</Filter>
    </None>
    <None Include="..\res\Rock.Wall.000.png">
      <Filter>res</Filter>
    </None>
    <None Include="..\res\Rock.Wall.Height.png">
      <Filter>res</Filter>
    </None>
    <None Include="..\res\Rock.Wall.Normal.png">
      <Filter>res</Filter>
    </None>
    <None Include="..\res\room.obj">
      <Filter>res</Filter>
    </None>
    <None Include="..\res\Stone.Floor.001.png">
      <Filter>res</Filter>
    </None>
    <None Include="..\res\uvcube.obj">
      <Filter>res</Filter>
    </None>
    <None Include="..\res\Wood.000.tile.png">
      <Filter>res</Filter>
    </None>
    <None Include="..\res\Wood.png">
      <Filter>res</Filter>
    </None>
    <None Include="..\makefile" />
  </ItemGroup>
  <ItemGroup>
    <Filter Include="shaders">
      <UniqueIdentifier>{cd5da8e1-42db-46ca-adec-14f2f9a7fe6c}</UniqueIdentifier>
    </Filter>
    <Filter Include="src">
      <UniqueIdentifier>{2f42490d-0658-4d7a-8a28-03db98b2baf4}</UniqueIdentifier>
    </Filter>
    <Filter Include="src\lib">
      <UniqueIdentifier>{d47da01a-4afc-4f0d-9ed9-43fd8e74d8c3}</UniqueIdentifier>
    </Filter>
    <Filter Include="res">
      <UniqueIdentifier>{b06c4c40-411a-4242-a2b4-d3c2549e9d58}</UniqueIdentifier>
    </Filter>
    <Filter Include="src\rendering">
      <UniqueIdentifier>{27a355b9-7475-4443-98ee-42f2146efe92}</UniqueIdentifier>
    </Filter>
    <Filter Include="src\rendering\gl">
      <UniqueIdentifier>{6e2d243c-2d45-4501-ba8f-912ff589557b}</UniqueIdentifier>
    </Filter>
    <Filter Include="src\loader">
      <UniqueIdentifier>{6fe42bff-a2cd-4fd0-b185-eb5abb62d15e}</UniqueIdentifier>
    </Filter>
    <Filter Include="src\resources">
      <UniqueIdentifier>{e1f9994a-35dc-49c8-91fc-7be1b24afd58}</UniqueIdentifier>
    </Filter>
    <Filter Include="src\core">
      <UniqueIdentifier>{650e5f4e-1775-4f74-aafd-12e08ceff813}</UniqueIdentifier>
    </Filter>
  </ItemGroup>
  <ItemGroup>
    <ClCompile Include="..\src\boxcollider.cpp">
      <Filter>src</Filter>
    </ClCompile>
    <ClCompile Include="..\src\controls.cpp">
      <Filter>src</Filter>
    </ClCompile>
    <ClCompile Include="..\src\display.cpp">
      <Filter>src</Filter>
    </ClCompile>
    <ClCompile Include="..\src\entity.cpp">
      <Filter>src</Filter>
    </ClCompile>
    <ClCompile Include="..\src\game.cpp">
      <Filter>src</Filter>
    </ClCompile>
    <ClCompile Include="..\src\input.cpp">
      <Filter>src</Filter>
    </ClCompile>
    <ClCompile Include="..\src\main.cpp">
      <Filter>src</Filter>
    </ClCompile>
    <ClCompile Include="..\src\material.cpp">
      <Filter>src</Filter>
    </ClCompile>
    <ClCompile Include="..\src\shader.cpp">
      <Filter>src</Filter>
    </ClCompile>
    <ClCompile Include="..\src\lib\imgui.cpp">
      <Filter>src\lib</Filter>
    </ClCompile>
    <ClCompile Include="..\src\lib\imgui_draw.cpp">
      <Filter>src\lib</Filter>
    </ClCompile>
    <ClCompile Include="..\src\lib\imgui_impl_sdl_gl3.cpp">
      <Filter>src\lib</Filter>
    </ClCompile>
    <ClCompile Include="..\src\model.cpp">
      <Filter>src</Filter>
    </ClCompile>
    <ClCompile Include="..\src\frustum.cpp">
      <Filter>src</Filter>
    </ClCompile>
    <ClCompile Include="..\src\loader\l_model.cpp">
      <Filter>src\loader</Filter>
    </ClCompile>
    <ClCompile Include="..\src\rendering\gl\gl_texture.cpp">
      <Filter>src\rendering\gl</Filter>
    </ClCompile>
    <ClCompile Include="..\src\rendering\gl\gl_mesh.cpp">
      <Filter>src\rendering\gl</Filter>
    </ClCompile>
    <ClCompile Include="..\src\resources\res_texture.cpp">
      <Filter>src\resources</Filter>
    </ClCompile>
    <ClCompile Include="..\src\resources\res_mesh.cpp">
      <Filter>src\resources</Filter>
    </ClCompile>
    <ClCompile Include="..\src\rendering\gl\gl_renderer.cpp">
      <Filter>src\rendering\gl</Filter>
    </ClCompile>
    <ClCompile Include="..\src\rendering\gl\gl_light.cpp">
      <Filter>src\rendering\gl</Filter>
    </ClCompile>
  </ItemGroup>
  <ItemGroup>
    <ClInclude Include="..\src\boxcollider.hpp">
      <Filter>src</Filter>
    </ClInclude>
    <ClInclude Include="..\src\camera.hpp">
      <Filter>src</Filter>
    </ClInclude>
    <ClInclude Include="..\src\controls.hpp">
      <Filter>src</Filter>
    </ClInclude>
    <ClInclude Include="..\src\display.hpp">
      <Filter>src</Filter>
    </ClInclude>
    <ClInclude Include="..\src\entity.hpp">
      <Filter>src</Filter>
    </ClInclude>
    <ClInclude Include="..\src\entitycomponent.hpp">
      <Filter>src</Filter>
    </ClInclude>
    <ClInclude Include="..\src\game.hpp">
      <Filter>src</Filter>
    </ClInclude>
    <ClInclude Include="..\src\input.hpp">
      <Filter>src</Filter>
    </ClInclude>
    <ClInclude Include="..\src\material.hpp">
      <Filter>src</Filter>
    </ClInclude>
    <ClInclude Include="..\src\shader.hpp">
      <Filter>src</Filter>
    </ClInclude>
    <ClInclude Include="..\src\transform.hpp">
      <Filter>src</Filter>
    </ClInclude>
    <ClInclude Include="..\src\types.hpp">
      <Filter>src</Filter>
    </ClInclude>
    <ClInclude Include="..\src\lib\imconfig.h">
      <Filter>src\lib</Filter>
    </ClInclude>
    <ClInclude Include="..\src\lib\imgui.h">
      <Filter>src\lib</Filter>
    </ClInclude>
    <ClInclude Include="..\src\lib\imgui_impl_sdl_gl3.h">
      <Filter>src\lib</Filter>
    </ClInclude>
    <ClInclude Include="..\src\lib\imgui_internal.h">
      <Filter>src\lib</Filter>
    </ClInclude>
    <ClInclude Include="..\src\lib\stb_image.h">
      <Filter>src\lib</Filter>
    </ClInclude>
    <ClInclude Include="..\src\lib\stb_rect_pack.h">
      <Filter>src\lib</Filter>
    </ClInclude>
    <ClInclude Include="..\src\lib\stb_textedit.h">
      <Filter>src\lib</Filter>
    </ClInclude>
    <ClInclude Include="..\src\lib\stb_truetype.h">
      <Filter>src\lib</Filter>
    </ClInclude>
    <ClInclude Include="..\src\model.hpp">
      <Filter>src</Filter>
    </ClInclude>
    <ClInclude Include="..\src\frustum.hpp">
      <Filter>src</Filter>
    </ClInclude>
    <ClInclude Include="..\src\scene.hpp">
      <Filter>src</Filter>
    </ClInclude>
    <ClInclude Include="..\src\rendering\renderer.hpp">
      <Filter>src\rendering</Filter>
    </ClInclude>
    <ClInclude Include="..\src\rendering\gl\opengl.hpp">
      <Filter>src\rendering\gl</Filter>
    </ClInclude>
    <ClInclude Include="..\src\loader\l_model.hpp">
      <Filter>src\loader</Filter>
    </ClInclude>
    <ClInclude Include="..\src\rendering\gl\gl_texture.hpp">
      <Filter>src\rendering\gl</Filter>
    </ClInclude>
    <ClInclude Include="..\src\rendering\gl\gl_mesh.hpp">
      <Filter>src\rendering\gl</Filter>
    </ClInclude>
    <ClInclude Include="..\src\resources\res_texture.hpp">
      <Filter>src\resources</Filter>
    </ClInclude>
    <ClInclude Include="..\src\rendering\render_entity.hpp">
      <Filter>src\rendering</Filter>
    </ClInclude>
    <ClInclude Include="..\src\resources\res_mesh.hpp">
      <Filter>src\resources</Filter>
    </ClInclude>
    <ClInclude Include="..\src\resources\res_vertex.hpp">
      <Filter>src\resources</Filter>
    </ClInclude>
    <ClInclude Include="..\src\rendering\gl\gl_light.hpp">
      <Filter>src\rendering\gl</Filter>
    </ClInclude>
    <ClInclude Include="..\src\rendering\gl\gl_renderer.hpp">
      <Filter>src\rendering\gl</Filter>
    </ClInclude>
    <ClInclude Include="..\src\core\light.hpp">
      <Filter>src\core</Filter>
    </ClInclude>
    <ClInclude Include="..\src\rendering\r_light.hpp">
      <Filter>src\rendering</Filter>
    </ClInclude>
  </ItemGroup>
</Project>