<?xml version="1.0" encoding="utf-8"?>
<Project ToolsVersion="4.0" xmlns="http://schemas.microsoft.com/developer/msbuild/2003">
  <ItemGroup>
    <None Include="..\.gitignore" />
    <None Include="..\shaders\default.frag">
      <Filter>shaders</Filter>
    </None>
    <None Include="..\shaders\default.vert">
      <Filter>shaders</Filter>
    </None>
    <None Include="..\shaders\noise.frag">
      <Filter>shaders</Filter>
    </None>
    <None Include="..\shaders\noise.vert">
      <Filter>shaders</Filter>
    </None>
    <None Include="..\res\Barrel.blend">
      <Filter>res</Filter>
    </None>
    <None Include="..\res\room.mtl">
      <Filter>res</Filter>
    </None>
    <None Include="..\res\Barrel.Height.png">
      <Filter>res</Filter>
    </None>
    <None Include="..\res\Barrel.Normal.png">
      <Filter>res</Filter>
    </None>
    <None Include="..\res\barrel.obj">
      <Filter>res</Filter>
    </None>
    <None Include="..\res\Barrel.png">
      <Filter>res</Filter>
    </None>
    <None Include="..\res\Box.000.png">
      <Filter>res</Filter>
    </None>
    <None Include="..\res\Box.Height.png">
      <Filter>res</Filter>
    </None>
    <None Include="..\res\Box.Normal.png">
      <Filter>res</Filter>
    </None>
    <None Include="..\res\cube.obj">
      <Filter>res</Filter>
    </None>
    <None Include="..\res\monkey3.obj">
      <Filter>res</Filter>
    </None>
    <None Include="..\res\Rock.Wall.000.png">
      <Filter>res</Filter>
    </None>
    <None Include="..\res\Rock.Wall.Height.png">
      <Filter>res</Filter>
    </None>
    <None Include="..\res\Rock.Wall.Normal.png">
      <Filter>res</Filter>
    </None>
    <None Include="..\res\room.obj">
      <Filter>res</Filter>
    </None>
    <None Include="..\res\Stone.Floor.001.png">
      <Filter>res</Filter>
    </None>
    <None Include="..\res\uvcube.obj">
      <Filter>res</Filter>
    </None>
    <None Include="..\res\Wood.000.tile.png">
      <Filter>res</Filter>
    </None>
    <None Include="..\res\Wood.png">
      <Filter>res</Filter>
    </None>
    <None Include="..\makefile" />
    <None Include="..\README.md" />
    <None Include="..\shaders\greybox.frag">
      <Filter>shaders</Filter>
    </None>
    <None Include="..\shaders\greybox.vert">
      <Filter>shaders</Filter>
    </None>
  </ItemGroup>
  <ItemGroup>
    <Filter Include="shaders">
      <UniqueIdentifier>{cd5da8e1-42db-46ca-adec-14f2f9a7fe6c}</UniqueIdentifier>
    </Filter>
    <Filter Include="res">
      <UniqueIdentifier>{b06c4c40-411a-4242-a2b4-d3c2549e9d58}</UniqueIdentifier>
    </Filter>
    <Filter Include="Header Files">
      <UniqueIdentifier>{979c9be2-ef64-4d39-8328-e2034a448c23}</UniqueIdentifier>
      <Extensions>h;hh;hpp;hxx;h++;hm;inl;inc;ipp;xsd</Extensions>
    </Filter>
    <Filter Include="Source Files">
      <UniqueIdentifier>{2f42490d-0658-4d7a-8a28-03db98b2baf4}</UniqueIdentifier>
      <Extensions>cpp;c;cc;cxx;c++;cppm;ixx;def;odl;idl;hpj;bat;asm;asmx</Extensions>
    </Filter>
    <Filter Include="Source Files\lib">
      <UniqueIdentifier>{d47da01a-4afc-4f0d-9ed9-43fd8e74d8c3}</UniqueIdentifier>
    </Filter>
    <Filter Include="Header Files\rendering">
      <UniqueIdentifier>{b4f5735f-26f9-4502-ace6-3d6f0efff722}</UniqueIdentifier>
    </Filter>
    <Filter Include="Source Files\rendering">
      <UniqueIdentifier>{7c0d00a5-7b88-4177-acf8-4476545d2481}</UniqueIdentifier>
    </Filter>
    <Filter Include="Header Files\loading">
      <UniqueIdentifier>{4c3e95eb-144f-4587-8c7d-a4f9ba21c208}</UniqueIdentifier>
    </Filter>
    <Filter Include="Source Files\loading">
      <UniqueIdentifier>{849bd3ec-7e46-48b3-a21d-351fc8e8844d}</UniqueIdentifier>
    </Filter>
    <Filter Include="Header Files\containers">
      <UniqueIdentifier>{cd2dead3-707c-4246-8d21-1354b36a2254}</UniqueIdentifier>
    </Filter>
    <Filter Include="Header Files\entities">
      <UniqueIdentifier>{9a9503c0-b72f-494a-808f-4bdfecb1d8a9}</UniqueIdentifier>
    </Filter>
    <Filter Include="Source Files\entities">
      <UniqueIdentifier>{d7c7d358-5e7c-43f8-a8b9-61c28218dde5}</UniqueIdentifier>
    </Filter>
  </ItemGroup>
  <ItemGroup>
    <ClCompile Include="..\src\controls.cpp">
      <Filter>Source Files</Filter>
    </ClCompile>
    <ClCompile Include="..\src\display.cpp">
      <Filter>Source Files</Filter>
    </ClCompile>
    <ClCompile Include="..\src\game.cpp">
      <Filter>Source Files</Filter>
    </ClCompile>
    <ClCompile Include="..\src\input.cpp">
      <Filter>Source Files</Filter>
    </ClCompile>
    <ClCompile Include="..\src\main.cpp">
      <Filter>Source Files</Filter>
    </ClCompile>
    <ClCompile Include="..\src\renderer.cpp">
      <Filter>Source Files</Filter>
    </ClCompile>
    <ClCompile Include="..\src\shader.cpp">
      <Filter>Source Files</Filter>
    </ClCompile>
    <ClCompile Include="..\src\lib\imgui.cpp">
      <Filter>Source Files\lib</Filter>
    </ClCompile>
    <ClCompile Include="..\src\lib\imgui_draw.cpp">
      <Filter>Source Files\lib</Filter>
    </ClCompile>
    <ClCompile Include="..\src\lib\imgui_impl_sdl_gl3.cpp">
      <Filter>Source Files\lib</Filter>
    </ClCompile>
    <ClCompile Include="..\src\loading\model_loader.cpp">
      <Filter>Source Files\loading</Filter>
    </ClCompile>
    <ClCompile Include="..\src\entities\entity_transforms.cpp">
      <Filter>Source Files\entities</Filter>
    </ClCompile>
    <ClCompile Include="..\src\world.cpp">
      <Filter>Source Files</Filter>
    </ClCompile>
    <ClCompile Include="..\src\entities\entity_light_components.cpp">
      <Filter>Source Files\entities</Filter>
    </ClCompile>
    <ClCompile Include="..\src\rendering\material_manager.cpp">
      <Filter>Source Files\rendering</Filter>
    </ClCompile>
    <ClCompile Include="..\src\rendering\model_manager.cpp">
      <Filter>Source Files\rendering</Filter>
    </ClCompile>
    <ClCompile Include="..\src\entities\entity_manager.cpp">
      <Filter>Source Files\entities</Filter>
    </ClCompile>
  </ItemGroup>
  <ItemGroup>
    <ClInclude Include="..\src\lib\imconfig.h">
      <Filter>Source Files\lib</Filter>
    </ClInclude>
    <ClInclude Include="..\src\lib\imgui.h">
      <Filter>Source Files\lib</Filter>
    </ClInclude>
    <ClInclude Include="..\src\lib\imgui_impl_sdl_gl3.h">
      <Filter>Source Files\lib</Filter>
    </ClInclude>
    <ClInclude Include="..\src\lib\imgui_internal.h">
      <Filter>Source Files\lib</Filter>
    </ClInclude>
    <ClInclude Include="..\src\lib\stb_image.h">
      <Filter>Source Files\lib</Filter>
    </ClInclude>
    <ClInclude Include="..\src\lib\stb_rect_pack.h">
      <Filter>Source Files\lib</Filter>
    </ClInclude>
    <ClInclude Include="..\src\lib\stb_textedit.h">
      <Filter>Source Files\lib</Filter>
    </ClInclude>
    <ClInclude Include="..\src\lib\stb_truetype.h">
      <Filter>Source Files\lib</Filter>
    </ClInclude>
    <ClInclude Include="..\src\camera.hpp">
      <Filter>Header Files</Filter>
    </ClInclude>
    <ClInclude Include="..\src\controls.hpp">
      <Filter>Header Files</Filter>
    </ClInclude>
    <ClInclude Include="..\src\display.hpp">
      <Filter>Header Files</Filter>
    </ClInclude>
    <ClInclude Include="..\src\game.hpp">
      <Filter>Header Files</Filter>
    </ClInclude>
    <ClInclude Include="..\src\input.hpp">
      <Filter>Header Files</Filter>
    </ClInclude>
    <ClInclude Include="..\src\opengl.hpp">
      <Filter>Header Files</Filter>
    </ClInclude>
    <ClInclude Include="..\src\renderer.hpp">
      <Filter>Header Files</Filter>
    </ClInclude>
    <ClInclude Include="..\src\shader.hpp">
      <Filter>Header Files</Filter>
    </ClInclude>
    <ClInclude Include="..\src\transform.hpp">
      <Filter>Header Files</Filter>
    </ClInclude>
    <ClInclude Include="..\src\types.hpp">
      <Filter>Header Files</Filter>
    </ClInclude>
    <ClInclude Include="..\src\containers\array.hpp">
      <Filter>Header Files\containers</Filter>
    </ClInclude>
    <ClInclude Include="..\src\loading\model_loader.hpp">
      <Filter>Header Files\loading</Filter>
    </ClInclude>
    <ClInclude Include="..\src\world.hpp">
      <Filter>Header Files</Filter>
    </ClInclude>
    <ClInclude Include="..\src\rendering\render_world.hpp">
      <Filter>Header Files\rendering</Filter>
    </ClInclude>
    <ClInclude Include="..\src\entities\entity_transforms.hpp">
      <Filter>Header Files\entities</Filter>
    </ClInclude>
    <ClInclude Include="..\src\constants.hpp">
      <Filter>Header Files</Filter>
    </ClInclude>
    <ClInclude Include="..\src\entities\entity_handle.hpp">
      <Filter>Header Files\entities</Filter>
    </ClInclude>
    <ClInclude Include="..\src\entities\entity_light_components.hpp">
      <Filter>Header Files\entities</Filter>
    </ClInclude>
    <ClInclude Include="..\src\containers\queue.hpp">
      <Filter>Header Files\containers</Filter>
    </ClInclude>
    <ClInclude Include="..\src\rendering\material_manager.hpp">
      <Filter>Header Files\rendering</Filter>
    </ClInclude>
    <ClInclude Include="..\src\rendering\model_manager.hpp">
      <Filter>Header Files\rendering</Filter>
    </ClInclude>
    <ClInclude Include="..\src\entities\entity_manager.hpp">
      <Filter>Header Files\entities</Filter>
    </ClInclude>
  </ItemGroup>
</Project>